// !$*UTF8*$!
{
	archiveVersion = 1;
	classes = {
	};
	objectVersion = 46;
	objects = {

/* Begin PBXBuildFile section */
		E37AAD511C97B846002EEF91 /* KWPoint.m in Sources */ = {isa = PBXBuildFile; fileRef = E37AAD501C97B846002EEF91 /* KWPoint.m */; };
		E3C8D7F41C91B46C00A47127 /* main.m in Sources */ = {isa = PBXBuildFile; fileRef = E3C8D7F31C91B46C00A47127 /* main.m */; };
		E3C8D7F71C91B46C00A47127 /* AppDelegate.m in Sources */ = {isa = PBXBuildFile; fileRef = E3C8D7F61C91B46C00A47127 /* AppDelegate.m */; };
		E3C8D7FA1C91B46C00A47127 /* ViewController.m in Sources */ = {isa = PBXBuildFile; fileRef = E3C8D7F91C91B46C00A47127 /* ViewController.m */; };
		E3C8D7FD1C91B46C00A47127 /* Main.storyboard in Resources */ = {isa = PBXBuildFile; fileRef = E3C8D7FB1C91B46C00A47127 /* Main.storyboard */; };
		E3C8D7FF1C91B46C00A47127 /* Assets.xcassets in Resources */ = {isa = PBXBuildFile; fileRef = E3C8D7FE1C91B46C00A47127 /* Assets.xcassets */; };
		E3C8D8021C91B46C00A47127 /* LaunchScreen.storyboard in Resources */ = {isa = PBXBuildFile; fileRef = E3C8D8001C91B46C00A47127 /* LaunchScreen.storyboard */; };
		E3C8D80B1C91B7F800A47127 /* KWGobangView.m in Sources */ = {isa = PBXBuildFile; fileRef = E3C8D80A1C91B7F800A47127 /* KWGobangView.m */; };
		E3DA7B0D1C96F82E00554F78 /* KWAI.m in Sources */ = {isa = PBXBuildFile; fileRef = E3DA7B0C1C96F82E00554F78 /* KWAI.m */; };
/* End PBXBuildFile section */

/* Begin PBXFileReference section */
		E37AAD4F1C97B846002EEF91 /* KWPoint.h */ = {isa = PBXFileReference; fileEncoding = 4; lastKnownFileType = sourcecode.c.h; path = KWPoint.h; sourceTree = "<group>"; };
		E37AAD501C97B846002EEF91 /* KWPoint.m */ = {isa = PBXFileReference; fileEncoding = 4; lastKnownFileType = sourcecode.c.objc; path = KWPoint.m; sourceTree = "<group>"; };
		E3C8D7EF1C91B46B00A47127 /* Gobang.app */ = {isa = PBXFileReference; explicitFileType = wrapper.application; includeInIndex = 0; path = Gobang.app; sourceTree = BUILT_PRODUCTS_DIR; };
		E3C8D7F31C91B46C00A47127 /* main.m */ = {isa = PBXFileReference; lastKnownFileType = sourcecode.c.objc; path = main.m; sourceTree = "<group>"; };
		E3C8D7F51C91B46C00A47127 /* AppDelegate.h */ = {isa = PBXFileReference; lastKnownFileType = sourcecode.c.h; path = AppDelegate.h; sourceTree = "<group>"; };
		E3C8D7F61C91B46C00A47127 /* AppDelegate.m */ = {isa = PBXFileReference; lastKnownFileType = sourcecode.c.objc; path = AppDelegate.m; sourceTree = "<group>"; };
		E3C8D7F81C91B46C00A47127 /* ViewController.h */ = {isa = PBXFileReference; lastKnownFileType = sourcecode.c.h; path = ViewController.h; sourceTree = "<group>"; };
		E3C8D7F91C91B46C00A47127 /* ViewController.m */ = {isa = PBXFileReference; lastKnownFileType = sourcecode.c.objc; path = ViewController.m; sourceTree = "<group>"; };
		E3C8D7FC1C91B46C00A47127 /* Base */ = {isa = PBXFileReference; lastKnownFileType = file.storyboard; name = Base; path = Base.lproj/Main.storyboard; sourceTree = "<group>"; };
		E3C8D7FE1C91B46C00A47127 /* Assets.xcassets */ = {isa = PBXFileReference; lastKnownFileType = folder.assetcatalog; path = Assets.xcassets; sourceTree = "<group>"; };
		E3C8D8011C91B46C00A47127 /* Base */ = {isa = PBXFileReference; lastKnownFileType = file.storyboard; name = Base; path = Base.lproj/LaunchScreen.storyboard; sourceTree = "<group>"; };
		E3C8D8031C91B46C00A47127 /* Info.plist */ = {isa = PBXFileReference; lastKnownFileType = text.plist.xml; path = Info.plist; sourceTree = "<group>"; };
		E3C8D8091C91B7F800A47127 /* KWGobangView.h */ = {isa = PBXFileReference; fileEncoding = 4; lastKnownFileType = sourcecode.c.h; path = KWGobangView.h; sourceTree = "<group>"; };
		E3C8D80A1C91B7F800A47127 /* KWGobangView.m */ = {isa = PBXFileReference; fileEncoding = 4; lastKnownFileType = sourcecode.c.objc; path = KWGobangView.m; sourceTree = "<group>"; };
		E3DA7B0B1C96F82E00554F78 /* KWAI.h */ = {isa = PBXFileReference; fileEncoding = 4; lastKnownFileType = sourcecode.c.h; path = KWAI.h; sourceTree = "<group>"; };
		E3DA7B0C1C96F82E00554F78 /* KWAI.m */ = {isa = PBXFileReference; fileEncoding = 4; lastKnownFileType = sourcecode.c.objc; path = KWAI.m; sourceTree = "<group>"; };
/* End PBXFileReference section */

/* Begin PBXFrameworksBuildPhase section */
		E3C8D7EC1C91B46B00A47127 /* Frameworks */ = {
			isa = PBXFrameworksBuildPhase;
			buildActionMask = 2147483647;
			files = (
			);
			runOnlyForDeploymentPostprocessing = 0;
		};
/* End PBXFrameworksBuildPhase section */

/* Begin PBXGroup section */
		E3C8D7E61C91B46B00A47127 = {
			isa = PBXGroup;
			children = (
				E3C8D7F11C91B46C00A47127 /* Gobang */,
				E3C8D7F01C91B46B00A47127 /* Products */,
			);
			sourceTree = "<group>";
		};
		E3C8D7F01C91B46B00A47127 /* Products */ = {
			isa = PBXGroup;
			children = (
				E3C8D7EF1C91B46B00A47127 /* Gobang.app */,
			);
			name = Products;
			sourceTree = "<group>";
		};
		E3C8D7F11C91B46C00A47127 /* Gobang */ = {
			isa = PBXGroup;
			children = (
				E3C8D7F51C91B46C00A47127 /* AppDelegate.h */,
				E3C8D7F61C91B46C00A47127 /* AppDelegate.m */,
				E3C8D7F81C91B46C00A47127 /* ViewController.h */,
				E3C8D7F91C91B46C00A47127 /* ViewController.m */,
				E3C8D8091C91B7F800A47127 /* KWGobangView.h */,
				E3C8D80A1C91B7F800A47127 /* KWGobangView.m */,
				E3DA7B0B1C96F82E00554F78 /* KWAI.h */,
				E3DA7B0C1C96F82E00554F78 /* KWAI.m */,
				E37AAD4F1C97B846002EEF91 /* KWPoint.h */,
				E37AAD501C97B846002EEF91 /* KWPoint.m */,
				E3C8D7FB1C91B46C00A47127 /* Main.storyboard */,
				E3C8D7FE1C91B46C00A47127 /* Assets.xcassets */,
				E3C8D8001C91B46C00A47127 /* LaunchScreen.storyboard */,
				E3C8D8031C91B46C00A47127 /* Info.plist */,
				E3C8D7F21C91B46C00A47127 /* Supporting Files */,
			);
			path = Gobang;
			sourceTree = "<group>";
		};
		E3C8D7F21C91B46C00A47127 /* Supporting Files */ = {
			isa = PBXGroup;
			children = (
				E3C8D7F31C91B46C00A47127 /* main.m */,
			);
			name = "Supporting Files";
			sourceTree = "<group>";
		};
/* End PBXGroup section */

/* Begin PBXNativeTarget section */
		E3C8D7EE1C91B46B00A47127 /* Gobang */ = {
			isa = PBXNativeTarget;
			buildConfigurationList = E3C8D8061C91B46C00A47127 /* Build configuration list for PBXNativeTarget "Gobang" */;
			buildPhases = (
				E3C8D7EB1C91B46B00A47127 /* Sources */,
				E3C8D7EC1C91B46B00A47127 /* Frameworks */,
				E3C8D7ED1C91B46B00A47127 /* Resources */,
			);
			buildRules = (
			);
			dependencies = (
			);
			name = Gobang;
			productName = Gobang;
			productReference = E3C8D7EF1C91B46B00A47127 /* Gobang.app */;
			productType = "com.apple.product-type.application";
		};
/* End PBXNativeTarget section */

/* Begin PBXProject section */
		E3C8D7E71C91B46B00A47127 /* Project object */ = {
			isa = PBXProject;
			attributes = {
				LastUpgradeCheck = 0720;
				ORGANIZATIONNAME = "张元清";
				TargetAttributes = {
					E3C8D7EE1C91B46B00A47127 = {
						CreatedOnToolsVersion = 7.2.1;
					};
				};
			};
			buildConfigurationList = E3C8D7EA1C91B46B00A47127 /* Build configuration list for PBXProject "Gobang" */;
			compatibilityVersion = "Xcode 3.2";
			developmentRegion = English;
			hasScannedForEncodings = 0;
			knownRegions = (
				en,
				Base,
			);
			mainGroup = E3C8D7E61C91B46B00A47127;
			productRefGroup = E3C8D7F01C91B46B00A47127 /* Products */;
			projectDirPath = "";
			projectRoot = "";
			targets = (
				E3C8D7EE1C91B46B00A47127 /* Gobang */,
			);
		};
/* End PBXProject section */

/* Begin PBXResourcesBuildPhase section */
		E3C8D7ED1C91B46B00A47127 /* Resources */ = {
			isa = PBXResourcesBuildPhase;
			buildActionMask = 2147483647;
			files = (
				E3C8D8021C91B46C00A47127 /* LaunchScreen.storyboard in Resources */,
				E3C8D7FF1C91B46C00A47127 /* Assets.xcassets in Resources */,
				E3C8D7FD1C91B46C00A47127 /* Main.storyboard in Resources */,
			);
			runOnlyForDeploymentPostprocessing = 0;
		};
/* End PBXResourcesBuildPhase section */

/* Begin PBXSourcesBuildPhase section */
		E3C8D7EB1C91B46B00A47127 /* Sources */ = {
			isa = PBXSourcesBuildPhase;
			buildActionMask = 2147483647;
			files = (
				E3DA7B0D1C96F82E00554F78 /* KWAI.m in Sources */,
				E3C8D80B1C91B7F800A47127 /* KWGobangView.m in Sources */,
				E37AAD511C97B846002EEF91 /* KWPoint.m in Sources */,
				E3C8D7FA1C91B46C00A47127 /* ViewController.m in Sources */,
				E3C8D7F71C91B46C00A47127 /* AppDelegate.m in Sources */,
				E3C8D7F41C91B46C00A47127 /* main.m in Sources */,
			);
			runOnlyForDeploymentPostprocessing = 0;
		};
/* End PBXSourcesBuildPhase section */

/* Begin PBXVariantGroup section */
		E3C8D7FB1C91B46C00A47127 /* Main.storyboard */ = {
			isa = PBXVariantGroup;
			children = (
				E3C8D7FC1C91B46C00A47127 /* Base */,
			);
			name = Main.storyboard;
			sourceTree = "<group>";
		};
		E3C8D8001C91B46C00A47127 /* LaunchScreen.storyboard */ = {
			isa = PBXVariantGroup;
			children = (
				E3C8D8011C91B46C00A47127 /* Base */,
			);
			name = LaunchScreen.storyboard;
			sourceTree = "<group>";
		};
/* End PBXVariantGroup section */

/* Begin XCBuildConfiguration section */
		E3C8D8041C91B46C00A47127 /* Debug */ = {
			isa = XCBuildConfiguration;
			buildSettings = {
				ALWAYS_SEARCH_USER_PATHS = NO;
				CLANG_CXX_LANGUAGE_STANDARD = "gnu++0x";
				CLANG_CXX_LIBRARY = "libc++";
				CLANG_ENABLE_MODULES = YES;
				CLANG_ENABLE_OBJC_ARC = YES;
				CLANG_WARN_BOOL_CONVERSION = YES;
				CLANG_WARN_CONSTANT_CONVERSION = YES;
				CLANG_WARN_DIRECT_OBJC_ISA_USAGE = YES_ERROR;
				CLANG_WARN_EMPTY_BODY = YES;
				CLANG_WARN_ENUM_CONVERSION = YES;
				CLANG_WARN_INT_CONVERSION = YES;
				CLANG_WARN_OBJC_ROOT_CLASS = YES_ERROR;
				CLANG_WARN_UNREACHABLE_CODE = YES;
				CLANG_WARN__DUPLICATE_METHOD_MATCH = YES;
				"CODE_SIGN_IDENTITY[sdk=iphoneos*]" = "iPhone Developer";
				COPY_PHASE_STRIP = NO;
				DEBUG_INFORMATION_FORMAT = dwarf;
				ENABLE_STRICT_OBJC_MSGSEND = YES;
				ENABLE_TESTABILITY = YES;
				GCC_C_LANGUAGE_STANDARD = gnu99;
				GCC_DYNAMIC_NO_PIC = NO;
				GCC_NO_COMMON_BLOCKS = YES;
				GCC_OPTIMIZATION_LEVEL = 0;
				GCC_PREPROCESSOR_DEFINITIONS = (
					"DEBUG=1",
					"$(inherited)",
				);
				GCC_WARN_64_TO_32_BIT_CONVERSION = YES;
				GCC_WARN_ABOUT_RETURN_TYPE = YES_ERROR;
				GCC_WARN_UNDECLARED_SELECTOR = YES;
				GCC_WARN_UNINITIALIZED_AUTOS = YES_AGGRESSIVE;
				GCC_WARN_UNUSED_FUNCTION = YES;
				GCC_WARN_UNUSED_VARIABLE = YES;
				IPHONEOS_DEPLOYMENT_TARGET = 9.2;
				MTL_ENABLE_DEBUG_INFO = YES;
				ONLY_ACTIVE_ARCH = YES;
				SDKROOT = iphoneos;
			};
			name = Debug;
		};
		E3C8D8051C91B46C00A47127 /* Release */ = {
			isa = XCBuildConfiguration;
			buildSettings = {
				ALWAYS_SEARCH_USER_PATHS = NO;
				CLANG_CXX_LANGUAGE_STANDARD = "gnu++0x";
				CLANG_CXX_LIBRARY = "libc++";
				CLANG_ENABLE_MODULES = YES;
				CLANG_ENABLE_OBJC_ARC = YES;
				CLANG_WARN_BOOL_CONVERSION = YES;
				CLANG_WARN_CONSTANT_CONVERSION = YES;
				CLANG_WARN_DIRECT_OBJC_ISA_USAGE = YES_ERROR;
				CLANG_WARN_EMPTY_BODY = YES;
				CLANG_WARN_ENUM_CONVERSION = YES;
				CLANG_WARN_INT_CONVERSION = YES;
				CLANG_WARN_OBJC_ROOT_CLASS = YES_ERROR;
				CLANG_WARN_UNREACHABLE_CODE = YES;
				CLANG_WARN__DUPLICATE_METHOD_MATCH = YES;
				"CODE_SIGN_IDENTITY[sdk=iphoneos*]" = "iPhone Developer";
				COPY_PHASE_STRIP = NO;
				DEBUG_INFORMATION_FORMAT = "dwarf-with-dsym";
				ENABLE_NS_ASSERTIONS = NO;
				ENABLE_STRICT_OBJC_MSGSEND = YES;
				GCC_C_LANGUAGE_STANDARD = gnu99;
				GCC_NO_COMMON_BLOCKS = YES;
				GCC_WARN_64_TO_32_BIT_CONVERSION = YES;
				GCC_WARN_ABOUT_RETURN_TYPE = YES_ERROR;
				GCC_WARN_UNDECLARED_SELECTOR = YES;
				GCC_WARN_UNINITIALIZED_AUTOS = YES_AGGRESSIVE;
				GCC_WARN_UNUSED_FUNCTION = YES;
				GCC_WARN_UNUSED_VARIABLE = YES;
				IPHONEOS_DEPLOYMENT_TARGET = 9.2;
				MTL_ENABLE_DEBUG_INFO = NO;
				SDKROOT = iphoneos;
				VALIDATE_PRODUCT = YES;
			};
			name = Release;
		};
		E3C8D8071C91B46C00A47127 /* Debug */ = {
			isa = XCBuildConfiguration;
			buildSettings = {
				ASSETCATALOG_COMPILER_APPICON_NAME = AppIcon;
				INFOPLIST_FILE = Gobang/Info.plist;
				LD_RUNPATH_SEARCH_PATHS = "$(inherited) @executable_path/Frameworks";
				PRODUCT_BUNDLE_IDENTIFIER = Keywandermen.Gobang;
				PRODUCT_NAME = "$(TARGET_NAME)";
			};
			name = Debug;
		};
		E3C8D8081C91B46C00A47127 /* Release */ = {
			isa = XCBuildConfiguration;
			buildSettings = {
				ASSETCATALOG_COMPILER_APPICON_NAME = AppIcon;
				INFOPLIST_FILE = Gobang/Info.plist;
				LD_RUNPATH_SEARCH_PATHS = "$(inherited) @executable_path/Frameworks";
				PRODUCT_BUNDLE_IDENTIFIER = Keywandermen.Gobang;
				PRODUCT_NAME = "$(TARGET_NAME)";
			};
			name = Release;
		};
/* End XCBuildConfiguration section */

/* Begin XCConfigurationList section */
		E3C8D7EA1C91B46B00A47127 /* Build configuration list for PBXProject "Gobang" */ = {
			isa = XCConfigurationList;
			buildConfigurations = (
				E3C8D8041C91B46C00A47127 /* Debug */,
				E3C8D8051C91B46C00A47127 /* Release */,
			);
			defaultConfigurationIsVisible = 0;
			defaultConfigurationName = Release;
		};
		E3C8D8061C91B46C00A47127 /* Build configuration list for PBXNativeTarget "Gobang" */ = {
			isa = XCConfigurationList;
			buildConfigurations = (
				E3C8D8071C91B46C00A47127 /* Debug */,
				E3C8D8081C91B46C00A47127 /* Release */,
			);
			defaultConfigurationIsVisible = 0;
			defaultConfigurationName = Release;
		};
/* End XCConfigurationList section */
	};
	rootObject = E3C8D7E71C91B46B00A47127 /* Project object */;
}
